// !$*UTF8*$!
{
	archiveVersion = 1;
	classes = {
	};
	objectVersion = 46;
	objects = {

/* Begin PBXBuildFile section */
		5DD881031C23FE9800D8DEA7 /* main.m in Sources */ = {isa = PBXBuildFile; fileRef = 5DD881021C23FE9800D8DEA7 /* main.m */; };
		5DD881061C23FE9800D8DEA7 /* AppDelegate.m in Sources */ = {isa = PBXBuildFile; fileRef = 5DD881051C23FE9800D8DEA7 /* AppDelegate.m */; };
		5DD881091C23FE9800D8DEA7 /* ViewController.m in Sources */ = {isa = PBXBuildFile; fileRef = 5DD881081C23FE9800D8DEA7 /* ViewController.m */; };
		5DD8810C1C23FE9800D8DEA7 /* Main.storyboard in Resources */ = {isa = PBXBuildFile; fileRef = 5DD8810A1C23FE9800D8DEA7 /* Main.storyboard */; };
		5DD8810E1C23FE9800D8DEA7 /* Assets.xcassets in Resources */ = {isa = PBXBuildFile; fileRef = 5DD8810D1C23FE9800D8DEA7 /* Assets.xcassets */; };
		5DD881111C23FE9800D8DEA7 /* LaunchScreen.storyboard in Resources */ = {isa = PBXBuildFile; fileRef = 5DD8810F1C23FE9800D8DEA7 /* LaunchScreen.storyboard */; };
/* End PBXBuildFile section */

/* Begin PBXFileReference section */
		5DD880FE1C23FE9800D8DEA7 /* IndexTableView.app */ = {isa = PBXFileReference; explicitFileType = wrapper.application; includeInIndex = 0; path = IndexTableView.app; sourceTree = BUILT_PRODUCTS_DIR; };
		5DD881021C23FE9800D8DEA7 /* main.m */ = {isa = PBXFileReference; lastKnownFileType = sourcecode.c.objc; path = main.m; sourceTree = "<group>"; };
		5DD881041C23FE9800D8DEA7 /* AppDelegate.h */ = {isa = PBXFileReference; lastKnownFileType = sourcecode.c.h; path = AppDelegate.h; sourceTree = "<group>"; };
		5DD881051C23FE9800D8DEA7 /* AppDelegate.m */ = {isa = PBXFileReference; lastKnownFileType = sourcecode.c.objc; path = AppDelegate.m; sourceTree = "<group>"; };
		5DD881071C23FE9800D8DEA7 /* ViewController.h */ = {isa = PBXFileReference; lastKnownFileType = sourcecode.c.h; path = ViewController.h; sourceTree = "<group>"; };
		5DD881081C23FE9800D8DEA7 /* ViewController.m */ = {isa = PBXFileReference; lastKnownFileType = sourcecode.c.objc; path = ViewController.m; sourceTree = "<group>"; };
		5DD8810B1C23FE9800D8DEA7 /* Base */ = {isa = PBXFileReference; lastKnownFileType = file.storyboard; name = Base; path = Base.lproj/Main.storyboard; sourceTree = "<group>"; };
		5DD8810D1C23FE9800D8DEA7 /* Assets.xcassets */ = {isa = PBXFileReference; lastKnownFileType = folder.assetcatalog; path = Assets.xcassets; sourceTree = "<group>"; };
		5DD881101C23FE9800D8DEA7 /* Base */ = {isa = PBXFileReference; lastKnownFileType = file.storyboard; name = Base; path = Base.lproj/LaunchScreen.storyboard; sourceTree = "<group>"; };
		5DD881121C23FE9800D8DEA7 /* Info.plist */ = {isa = PBXFileReference; lastKnownFileType = text.plist.xml; path = Info.plist; sourceTree = "<group>"; };
/* End PBXFileReference section */

/* Begin PBXFrameworksBuildPhase section */
		5DD880FB1C23FE9800D8DEA7 /* Frameworks */ = {
			isa = PBXFrameworksBuildPhase;
			buildActionMask = 2147483647;
			files = (
			);
			runOnlyForDeploymentPostprocessing = 0;
		};
/* End PBXFrameworksBuildPhase section */

/* Begin PBXGroup section */
		5DD880F51C23FE9800D8DEA7 = {
			isa = PBXGroup;
			children = (
				5DD881001C23FE9800D8DEA7 /* IndexTableView */,
				5DD880FF1C23FE9800D8DEA7 /* Products */,
			);
			sourceTree = "<group>";
		};
		5DD880FF1C23FE9800D8DEA7 /* Products */ = {
			isa = PBXGroup;
			children = (
				5DD880FE1C23FE9800D8DEA7 /* IndexTableView.app */,
			);
			name = Products;
			sourceTree = "<group>";
		};
		5DD881001C23FE9800D8DEA7 /* IndexTableView */ = {
			isa = PBXGroup;
			children = (
				5DD881041C23FE9800D8DEA7 /* AppDelegate.h */,
				5DD881051C23FE9800D8DEA7 /* AppDelegate.m */,
				5DD881071C23FE9800D8DEA7 /* ViewController.h */,
				5DD881081C23FE9800D8DEA7 /* ViewController.m */,
				5DD8810A1C23FE9800D8DEA7 /* Main.storyboard */,
				5DD8810D1C23FE9800D8DEA7 /* Assets.xcassets */,
				5DD8810F1C23FE9800D8DEA7 /* LaunchScreen.storyboard */,
				5DD881121C23FE9800D8DEA7 /* Info.plist */,
				5DD881011C23FE9800D8DEA7 /* Supporting Files */,
			);
			path = IndexTableView;
			sourceTree = "<group>";
		};
		5DD881011C23FE9800D8DEA7 /* Supporting Files */ = {
			isa = PBXGroup;
			children = (
				5DD881021C23FE9800D8DEA7 /* main.m */,
			);
			name = "Supporting Files";
			sourceTree = "<group>";
		};
/* End PBXGroup section */

/* Begin PBXNativeTarget section */
		5DD880FD1C23FE9800D8DEA7 /* IndexTableView */ = {
			isa = PBXNativeTarget;
			buildConfigurationList = 5DD881151C23FE9800D8DEA7 /* Build configuration list for PBXNativeTarget "IndexTableView" */;
			buildPhases = (
				5DD880FA1C23FE9800D8DEA7 /* Sources */,
				5DD880FB1C23FE9800D8DEA7 /* Frameworks */,
				5DD880FC1C23FE9800D8DEA7 /* Resources */,
			);
			buildRules = (
			);
			dependencies = (
			);
			name = IndexTableView;
			productName = IndexTableView;
			productReference = 5DD880FE1C23FE9800D8DEA7 /* IndexTableView.app */;
			productType = "com.apple.product-type.application";
		};
/* End PBXNativeTarget section */

/* Begin PBXProject section */
		5DD880F61C23FE9800D8DEA7 /* Project object */ = {
			isa = PBXProject;
			attributes = {
				LastUpgradeCheck = 0720;
				ORGANIZATIONNAME = HQW;
				TargetAttributes = {
					5DD880FD1C23FE9800D8DEA7 = {
						CreatedOnToolsVersion = 7.2;
					};
				};
			};
			buildConfigurationList = 5DD880F91C23FE9800D8DEA7 /* Build configuration list for PBXProject "IndexTableView" */;
			compatibilityVersion = "Xcode 3.2";
			developmentRegion = English;
			hasScannedForEncodings = 0;
			knownRegions = (
				en,
				Base,
			);
			mainGroup = 5DD880F51C23FE9800D8DEA7;
			productRefGroup = 5DD880FF1C23FE9800D8DEA7 /* Products */;
			projectDirPath = "";
			projectRoot = "";
			targets = (
				5DD880FD1C23FE9800D8DEA7 /* IndexTableView */,
			);
		};
/* End PBXProject section */

/* Begin PBXResourcesBuildPhase section */
		5DD880FC1C23FE9800D8DEA7 /* Resources */ = {
			isa = PBXResourcesBuildPhase;
			buildActionMask = 2147483647;
			files = (
				5DD881111C23FE9800D8DEA7 /* LaunchScreen.storyboard in Resources */,
				5DD8810E1C23FE9800D8DEA7 /* Assets.xcassets in Resources */,
				5DD8810C1C23FE9800D8DEA7 /* Main.storyboard in Resources */,
			);
			runOnlyForDeploymentPostprocessing = 0;
		};
/* End PBXResourcesBuildPhase section */

/* Begin PBXSourcesBuildPhase section */
		5DD880FA1C23FE9800D8DEA7 /* Sources */ = {
			isa = PBXSourcesBuildPhase;
			buildActionMask = 2147483647;
			files = (
				5DD881091C23FE9800D8DEA7 /* ViewController.m in Sources */,
				5DD881061C23FE9800D8DEA7 /* AppDelegate.m in Sources */,
				5DD881031C23FE9800D8DEA7 /* main.m in Sources */,
			);
			runOnlyForDeploymentPostprocessing = 0;
		};
/* End PBXSourcesBuildPhase section */

/* Begin PBXVariantGroup section */
		5DD8810A1C23FE9800D8DEA7 /* Main.storyboard */ = {
			isa = PBXVariantGroup;
			children = (
				5DD8810B1C23FE9800D8DEA7 /* Base */,
			);
			name = Main.storyboard;
			sourceTree = "<group>";
		};
		5DD8810F1C23FE9800D8DEA7 /* LaunchScreen.storyboard */ = {
			isa = PBXVariantGroup;
			children = (
				5DD881101C23FE9800D8DEA7 /* Base */,
			);
			name = LaunchScreen.storyboard;
			sourceTree = "<group>";
		};
/* End PBXVariantGroup section */

/* Begin XCBuildConfiguration section */
		5DD881131C23FE9800D8DEA7 /* Debug */ = {
			isa = XCBuildConfiguration;
			buildSettings = {
				ALWAYS_SEARCH_USER_PATHS = NO;
				CLANG_CXX_LANGUAGE_STANDARD = "gnu++0x";
				CLANG_CXX_LIBRARY = "libc++";
				CLANG_ENABLE_MODULES = YES;
				CLANG_ENABLE_OBJC_ARC = YES;
				CLANG_WARN_BOOL_CONVERSION = YES;
				CLANG_WARN_CONSTANT_CONVERSION = YES;
				CLANG_WARN_DIRECT_OBJC_ISA_USAGE = YES_ERROR;
				CLANG_WARN_EMPTY_BODY = YES;
				CLANG_WARN_ENUM_CONVERSION = YES;
				CLANG_WARN_INT_CONVERSION = YES;
				CLANG_WARN_OBJC_ROOT_CLASS = YES_ERROR;
				CLANG_WARN_UNREACHABLE_CODE = YES;
				CLANG_WARN__DUPLICATE_METHOD_MATCH = YES;
				"CODE_SIGN_IDENTITY[sdk=iphoneos*]" = "iPhone Developer";
				COPY_PHASE_STRIP = NO;
				DEBUG_INFORMATION_FORMAT = dwarf;
				ENABLE_STRICT_OBJC_MSGSEND = YES;
				ENABLE_TESTABILITY = YES;
				GCC_C_LANGUAGE_STANDARD = gnu99;
				GCC_DYNAMIC_NO_PIC = NO;
				GCC_NO_COMMON_BLOCKS = YES;
				GCC_OPTIMIZATION_LEVEL = 0;
				GCC_PREPROCESSOR_DEFINITIONS = (
					"DEBUG=1",
					"$(inherited)",
				);
				GCC_WARN_64_TO_32_BIT_CONVERSION = YES;
				GCC_WARN_ABOUT_RETURN_TYPE = YES_ERROR;
				GCC_WARN_UNDECLARED_SELECTOR = YES;
				GCC_WARN_UNINITIALIZED_AUTOS = YES_AGGRESSIVE;
				GCC_WARN_UNUSED_FUNCTION = YES;
				GCC_WARN_UNUSED_VARIABLE = YES;
				IPHONEOS_DEPLOYMENT_TARGET = 9.2;
				MTL_ENABLE_DEBUG_INFO = YES;
				ONLY_ACTIVE_ARCH = YES;
				SDKROOT = iphoneos;
			};
			name = Debug;
		};
		5DD881141C23FE9800D8DEA7 /* Release */ = {
			isa = XCBuildConfiguration;
			buildSettings = {
				ALWAYS_SEARCH_USER_PATHS = NO;
				CLANG_CXX_LANGUAGE_STANDARD = "gnu++0x";
				CLANG_CXX_LIBRARY = "libc++";
				CLANG_ENABLE_MODULES = YES;
				CLANG_ENABLE_OBJC_ARC = YES;
				CLANG_WARN_BOOL_CONVERSION = YES;
				CLANG_WARN_CONSTANT_CONVERSION = YES;
				CLANG_WARN_DIRECT_OBJC_ISA_USAGE = YES_ERROR;
				CLANG_WARN_EMPTY_BODY = YES;
				CLANG_WARN_ENUM_CONVERSION = YES;
				CLANG_WARN_INT_CONVERSION = YES;
				CLANG_WARN_OBJC_ROOT_CLASS = YES_ERROR;
				CLANG_WARN_UNREACHABLE_CODE = YES;
				CLANG_WARN__DUPLICATE_METHOD_MATCH = YES;
				"CODE_SIGN_IDENTITY[sdk=iphoneos*]" = "iPhone Developer";
				COPY_PHASE_STRIP = NO;
				DEBUG_INFORMATION_FORMAT = "dwarf-with-dsym";
				ENABLE_NS_ASSERTIONS = NO;
				ENABLE_STRICT_OBJC_MSGSEND = YES;
				GCC_C_LANGUAGE_STANDARD = gnu99;
				GCC_NO_COMMON_BLOCKS = YES;
				GCC_WARN_64_TO_32_BIT_CONVERSION = YES;
				GCC_WARN_ABOUT_RETURN_TYPE = YES_ERROR;
				GCC_WARN_UNDECLARED_SELECTOR = YES;
				GCC_WARN_UNINITIALIZED_AUTOS = YES_AGGRESSIVE;
				GCC_WARN_UNUSED_FUNCTION = YES;
				GCC_WARN_UNUSED_VARIABLE = YES;
				IPHONEOS_DEPLOYMENT_TARGET = 9.2;
				MTL_ENABLE_DEBUG_INFO = NO;
				SDKROOT = iphoneos;
				VALIDATE_PRODUCT = YES;
			};
			name = Release;
		};
		5DD881161C23FE9800D8DEA7 /* Debug */ = {
			isa = XCBuildConfiguration;
			buildSettings = {
				ASSETCATALOG_COMPILER_APPICON_NAME = AppIcon;
				INFOPLIST_FILE = IndexTableView/Info.plist;
				LD_RUNPATH_SEARCH_PATHS = "$(inherited) @executable_path/Frameworks";
				PRODUCT_BUNDLE_IDENTIFIER = com.hqw.IndexTableView;
				PRODUCT_NAME = "$(TARGET_NAME)";
			};
			name = Debug;
		};
		5DD881171C23FE9800D8DEA7 /* Release */ = {
			isa = XCBuildConfiguration;
			buildSettings = {
				ASSETCATALOG_COMPILER_APPICON_NAME = AppIcon;
				INFOPLIST_FILE = IndexTableView/Info.plist;
				LD_RUNPATH_SEARCH_PATHS = "$(inherited) @executable_path/Frameworks";
				PRODUCT_BUNDLE_IDENTIFIER = com.hqw.IndexTableView;
				PRODUCT_NAME = "$(TARGET_NAME)";
			};
			name = Release;
		};
/* End XCBuildConfiguration section */

/* Begin XCConfigurationList section */
		5DD880F91C23FE9800D8DEA7 /* Build configuration list for PBXProject "IndexTableView" */ = {
			isa = XCConfigurationList;
			buildConfigurations = (
				5DD881131C23FE9800D8DEA7 /* Debug */,
				5DD881141C23FE9800D8DEA7 /* Release */,
			);
			defaultConfigurationIsVisible = 0;
			defaultConfigurationName = Release;
		};
		5DD881151C23FE9800D8DEA7 /* Build configuration list for PBXNativeTarget "IndexTableView" */ = {
			isa = XCConfigurationList;
			buildConfigurations = (
				5DD881161C23FE9800D8DEA7 /* Debug */,
				5DD881171C23FE9800D8DEA7 /* Release */,
			);
			defaultConfigurationIsVisible = 0;
		};
/* End XCConfigurationList section */
	};
	rootObject = 5DD880F61C23FE9800D8DEA7 /* Project object */;
}
